// !$*UTF8*$!
{
	archiveVersion = 1;
	classes = {
	};
	objectVersion = 50;
	objects = {

/* Begin PBXBuildFile section */
		8A1942D52693730B00ABCDF0 /* hikeData.json in Resources */ = {isa = PBXBuildFile; fileRef = 8A1942D42693730B00ABCDF0 /* hikeData.json */; };
		8A1942D92693735100ABCDF0 /* Hike.swift in Sources */ = {isa = PBXBuildFile; fileRef = 8A1942D82693735100ABCDF0 /* Hike.swift */; };
		8A1942DF2693742F00ABCDF0 /* GraphCapsule.swift in Sources */ = {isa = PBXBuildFile; fileRef = 8A1942DB2693742F00ABCDF0 /* GraphCapsule.swift */; };
		8A1942E02693742F00ABCDF0 /* HikeGraph.swift in Sources */ = {isa = PBXBuildFile; fileRef = 8A1942DC2693742F00ABCDF0 /* HikeGraph.swift */; };
		8A1942E12693742F00ABCDF0 /* HikeDetail.swift in Sources */ = {isa = PBXBuildFile; fileRef = 8A1942DD2693742F00ABCDF0 /* HikeDetail.swift */; };
		8A1942E22693742F00ABCDF0 /* HikeView.swift in Sources */ = {isa = PBXBuildFile; fileRef = 8A1942DE2693742F00ABCDF0 /* HikeView.swift */; };
		8A1942E526937B0500ABCDF0 /* CategoryHome.swift in Sources */ = {isa = PBXBuildFile; fileRef = 8A1942E426937B0500ABCDF0 /* CategoryHome.swift */; };
		8A1942E726937F3100ABCDF0 /* CategoryRow.swift in Sources */ = {isa = PBXBuildFile; fileRef = 8A1942E626937F3100ABCDF0 /* CategoryRow.swift */; };
		8A1942E92693806C00ABCDF0 /* CategoryItem.swift in Sources */ = {isa = PBXBuildFile; fileRef = 8A1942E82693806C00ABCDF0 /* CategoryItem.swift */; };
		8A1942EB269389BA00ABCDF0 /* Profile.swift in Sources */ = {isa = PBXBuildFile; fileRef = 8A1942EA269389BA00ABCDF0 /* Profile.swift */; };
		8A1942EE26938A2900ABCDF0 /* ProfileHost.swift in Sources */ = {isa = PBXBuildFile; fileRef = 8A1942ED26938A2900ABCDF0 /* ProfileHost.swift */; };
		8A1942F026938ACD00ABCDF0 /* ProfileSummary.swift in Sources */ = {isa = PBXBuildFile; fileRef = 8A1942EF26938ACD00ABCDF0 /* ProfileSummary.swift */; };
		8A1942F226938B2B00ABCDF0 /* HikeBadge.swift in Sources */ = {isa = PBXBuildFile; fileRef = 8A1942F126938B2B00ABCDF0 /* HikeBadge.swift */; };
		8A583C7B2692A4F700E89C28 /* LandmarkList.swift in Sources */ = {isa = PBXBuildFile; fileRef = 8A583C7A2692A4F700E89C28 /* LandmarkList.swift */; };
		8A583C7D2692A64500E89C28 /* LandmarkDetail.swift in Sources */ = {isa = PBXBuildFile; fileRef = 8A583C7C2692A64500E89C28 /* LandmarkDetail.swift */; };
		8A583C7F269341DF00E89C28 /* FavoriteButton.swift in Sources */ = {isa = PBXBuildFile; fileRef = 8A583C7E269341DF00E89C28 /* FavoriteButton.swift */; };
		8A583C812693469000E89C28 /* HexagonParameters.swift in Sources */ = {isa = PBXBuildFile; fileRef = 8A583C802693469000E89C28 /* HexagonParameters.swift */; };
		8A583C832693474300E89C28 /* BadgeBackground.swift in Sources */ = {isa = PBXBuildFile; fileRef = 8A583C822693474300E89C28 /* BadgeBackground.swift */; };
		8A583C8526934CB900E89C28 /* BadgeSymbol.swift in Sources */ = {isa = PBXBuildFile; fileRef = 8A583C8426934CB900E89C28 /* BadgeSymbol.swift */; };
		8A583C8726934D5200E89C28 /* RotatedBadgesSymbol.swift in Sources */ = {isa = PBXBuildFile; fileRef = 8A583C8626934D5200E89C28 /* RotatedBadgesSymbol.swift */; };
		8A583C8926934E2600E89C28 /* Badge.swift in Sources */ = {isa = PBXBuildFile; fileRef = 8A583C8826934E2600E89C28 /* Badge.swift */; };
		8AD888972692A32D007AEC93 /* landmarkData.json in Resources */ = {isa = PBXBuildFile; fileRef = 8AD888962692A32D007AEC93 /* landmarkData.json */; };
		8AE6F25026927F1F00922611 /* LandmarksApp.swift in Sources */ = {isa = PBXBuildFile; fileRef = 8AE6F24F26927F1F00922611 /* LandmarksApp.swift */; };
		8AE6F25226927F1F00922611 /* ContentView.swift in Sources */ = {isa = PBXBuildFile; fileRef = 8AE6F25126927F1F00922611 /* ContentView.swift */; };
		8AE6F25426927F1F00922611 /* Assets.xcassets in Resources */ = {isa = PBXBuildFile; fileRef = 8AE6F25326927F1F00922611 /* Assets.xcassets */; };
		8AE6F25726927F1F00922611 /* Preview Assets.xcassets in Resources */ = {isa = PBXBuildFile; fileRef = 8AE6F25626927F1F00922611 /* Preview Assets.xcassets */; };
		8AE6F26226927F2000922611 /* LandmarksTests.swift in Sources */ = {isa = PBXBuildFile; fileRef = 8AE6F26126927F2000922611 /* LandmarksTests.swift */; };
		8AE6F26D26927F2000922611 /* LandmarksUITests.swift in Sources */ = {isa = PBXBuildFile; fileRef = 8AE6F26C26927F2000922611 /* LandmarksUITests.swift */; };
		8AE6F27F269283B600922611 /* CircleImage.swift in Sources */ = {isa = PBXBuildFile; fileRef = 8AE6F27E269283B600922611 /* CircleImage.swift */; };
		8AE6F2812692862D00922611 /* MapView.swift in Sources */ = {isa = PBXBuildFile; fileRef = 8AE6F2802692862D00922611 /* MapView.swift */; };
		8AE6F28526928B0D00922611 /* Landmark.swift in Sources */ = {isa = PBXBuildFile; fileRef = 8AE6F28426928B0D00922611 /* Landmark.swift */; };
		8AE6F28726928C7B00922611 /* ModelData.swift in Sources */ = {isa = PBXBuildFile; fileRef = 8AE6F28626928C7B00922611 /* ModelData.swift */; };
		8AE6F2902692A09300922611 /* LandmarkRow.swift in Sources */ = {isa = PBXBuildFile; fileRef = 8AE6F28F2692A09300922611 /* LandmarkRow.swift */; };
/* End PBXBuildFile section */

/* Begin PBXContainerItemProxy section */
		8AE6F25E26927F2000922611 /* PBXContainerItemProxy */ = {
			isa = PBXContainerItemProxy;
			containerPortal = 8AE6F24426927F1F00922611 /* Project object */;
			proxyType = 1;
			remoteGlobalIDString = 8AE6F24B26927F1F00922611;
			remoteInfo = Landmarks;
		};
		8AE6F26926927F2000922611 /* PBXContainerItemProxy */ = {
			isa = PBXContainerItemProxy;
			containerPortal = 8AE6F24426927F1F00922611 /* Project object */;
			proxyType = 1;
			remoteGlobalIDString = 8AE6F24B26927F1F00922611;
			remoteInfo = Landmarks;
		};
/* End PBXContainerItemProxy section */

/* Begin PBXFileReference section */
		8A1942D42693730B00ABCDF0 /* hikeData.json */ = {isa = PBXFileReference; fileEncoding = 4; lastKnownFileType = text.json; path = hikeData.json; sourceTree = "<group>"; };
		8A1942D82693735100ABCDF0 /* Hike.swift */ = {isa = PBXFileReference; lastKnownFileType = sourcecode.swift; path = Hike.swift; sourceTree = "<group>"; };
		8A1942DB2693742F00ABCDF0 /* GraphCapsule.swift */ = {isa = PBXFileReference; fileEncoding = 4; lastKnownFileType = sourcecode.swift; path = GraphCapsule.swift; sourceTree = "<group>"; };
		8A1942DC2693742F00ABCDF0 /* HikeGraph.swift */ = {isa = PBXFileReference; fileEncoding = 4; lastKnownFileType = sourcecode.swift; path = HikeGraph.swift; sourceTree = "<group>"; };
		8A1942DD2693742F00ABCDF0 /* HikeDetail.swift */ = {isa = PBXFileReference; fileEncoding = 4; lastKnownFileType = sourcecode.swift; path = HikeDetail.swift; sourceTree = "<group>"; };
		8A1942DE2693742F00ABCDF0 /* HikeView.swift */ = {isa = PBXFileReference; fileEncoding = 4; lastKnownFileType = sourcecode.swift; path = HikeView.swift; sourceTree = "<group>"; };
		8A1942E426937B0500ABCDF0 /* CategoryHome.swift */ = {isa = PBXFileReference; lastKnownFileType = sourcecode.swift; path = CategoryHome.swift; sourceTree = "<group>"; };
		8A1942E626937F3100ABCDF0 /* CategoryRow.swift */ = {isa = PBXFileReference; lastKnownFileType = sourcecode.swift; path = CategoryRow.swift; sourceTree = "<group>"; };
		8A1942E82693806C00ABCDF0 /* CategoryItem.swift */ = {isa = PBXFileReference; lastKnownFileType = sourcecode.swift; path = CategoryItem.swift; sourceTree = "<group>"; };
		8A1942EA269389BA00ABCDF0 /* Profile.swift */ = {isa = PBXFileReference; lastKnownFileType = sourcecode.swift; path = Profile.swift; sourceTree = "<group>"; };
		8A1942ED26938A2900ABCDF0 /* ProfileHost.swift */ = {isa = PBXFileReference; lastKnownFileType = sourcecode.swift; path = ProfileHost.swift; sourceTree = "<group>"; };
		8A1942EF26938ACD00ABCDF0 /* ProfileSummary.swift */ = {isa = PBXFileReference; lastKnownFileType = sourcecode.swift; path = ProfileSummary.swift; sourceTree = "<group>"; };
		8A1942F126938B2B00ABCDF0 /* HikeBadge.swift */ = {isa = PBXFileReference; lastKnownFileType = sourcecode.swift; path = HikeBadge.swift; sourceTree = "<group>"; };
		8A583C7A2692A4F700E89C28 /* LandmarkList.swift */ = {isa = PBXFileReference; lastKnownFileType = sourcecode.swift; path = LandmarkList.swift; sourceTree = "<group>"; };
		8A583C7C2692A64500E89C28 /* LandmarkDetail.swift */ = {isa = PBXFileReference; lastKnownFileType = sourcecode.swift; path = LandmarkDetail.swift; sourceTree = "<group>"; };
		8A583C7E269341DF00E89C28 /* FavoriteButton.swift */ = {isa = PBXFileReference; lastKnownFileType = sourcecode.swift; path = FavoriteButton.swift; sourceTree = "<group>"; };
		8A583C802693469000E89C28 /* HexagonParameters.swift */ = {isa = PBXFileReference; lastKnownFileType = sourcecode.swift; path = HexagonParameters.swift; sourceTree = "<group>"; };
		8A583C822693474300E89C28 /* BadgeBackground.swift */ = {isa = PBXFileReference; lastKnownFileType = sourcecode.swift; path = BadgeBackground.swift; sourceTree = "<group>"; };
		8A583C8426934CB900E89C28 /* BadgeSymbol.swift */ = {isa = PBXFileReference; lastKnownFileType = sourcecode.swift; path = BadgeSymbol.swift; sourceTree = "<group>"; };
		8A583C8626934D5200E89C28 /* RotatedBadgesSymbol.swift */ = {isa = PBXFileReference; lastKnownFileType = sourcecode.swift; path = RotatedBadgesSymbol.swift; sourceTree = "<group>"; };
		8A583C8826934E2600E89C28 /* Badge.swift */ = {isa = PBXFileReference; lastKnownFileType = sourcecode.swift; path = Badge.swift; sourceTree = "<group>"; };
		8AD888962692A32D007AEC93 /* landmarkData.json */ = {isa = PBXFileReference; fileEncoding = 4; lastKnownFileType = text.json; path = landmarkData.json; sourceTree = "<group>"; };
		8AE6F24C26927F1F00922611 /* Landmarks.app */ = {isa = PBXFileReference; explicitFileType = wrapper.application; includeInIndex = 0; path = Landmarks.app; sourceTree = BUILT_PRODUCTS_DIR; };
		8AE6F24F26927F1F00922611 /* LandmarksApp.swift */ = {isa = PBXFileReference; lastKnownFileType = sourcecode.swift; path = LandmarksApp.swift; sourceTree = "<group>"; };
		8AE6F25126927F1F00922611 /* ContentView.swift */ = {isa = PBXFileReference; lastKnownFileType = sourcecode.swift; path = ContentView.swift; sourceTree = "<group>"; };
		8AE6F25326927F1F00922611 /* Assets.xcassets */ = {isa = PBXFileReference; lastKnownFileType = folder.assetcatalog; path = Assets.xcassets; sourceTree = "<group>"; };
		8AE6F25626927F1F00922611 /* Preview Assets.xcassets */ = {isa = PBXFileReference; lastKnownFileType = folder.assetcatalog; path = "Preview Assets.xcassets"; sourceTree = "<group>"; };
		8AE6F25826927F1F00922611 /* Info.plist */ = {isa = PBXFileReference; lastKnownFileType = text.plist.xml; path = Info.plist; sourceTree = "<group>"; };
		8AE6F25D26927F2000922611 /* LandmarksTests.xctest */ = {isa = PBXFileReference; explicitFileType = wrapper.cfbundle; includeInIndex = 0; path = LandmarksTests.xctest; sourceTree = BUILT_PRODUCTS_DIR; };
		8AE6F26126927F2000922611 /* LandmarksTests.swift */ = {isa = PBXFileReference; lastKnownFileType = sourcecode.swift; path = LandmarksTests.swift; sourceTree = "<group>"; };
		8AE6F26326927F2000922611 /* Info.plist */ = {isa = PBXFileReference; lastKnownFileType = text.plist.xml; path = Info.plist; sourceTree = "<group>"; };
		8AE6F26826927F2000922611 /* LandmarksUITests.xctest */ = {isa = PBXFileReference; explicitFileType = wrapper.cfbundle; includeInIndex = 0; path = LandmarksUITests.xctest; sourceTree = BUILT_PRODUCTS_DIR; };
		8AE6F26C26927F2000922611 /* LandmarksUITests.swift */ = {isa = PBXFileReference; lastKnownFileType = sourcecode.swift; path = LandmarksUITests.swift; sourceTree = "<group>"; };
		8AE6F26E26927F2000922611 /* Info.plist */ = {isa = PBXFileReference; lastKnownFileType = text.plist.xml; path = Info.plist; sourceTree = "<group>"; };
		8AE6F27E269283B600922611 /* CircleImage.swift */ = {isa = PBXFileReference; lastKnownFileType = sourcecode.swift; path = CircleImage.swift; sourceTree = "<group>"; };
		8AE6F2802692862D00922611 /* MapView.swift */ = {isa = PBXFileReference; lastKnownFileType = sourcecode.swift; path = MapView.swift; sourceTree = "<group>"; };
		8AE6F28426928B0D00922611 /* Landmark.swift */ = {isa = PBXFileReference; lastKnownFileType = sourcecode.swift; path = Landmark.swift; sourceTree = "<group>"; };
		8AE6F28626928C7B00922611 /* ModelData.swift */ = {isa = PBXFileReference; lastKnownFileType = sourcecode.swift; path = ModelData.swift; sourceTree = "<group>"; };
		8AE6F28F2692A09300922611 /* LandmarkRow.swift */ = {isa = PBXFileReference; lastKnownFileType = sourcecode.swift; path = LandmarkRow.swift; sourceTree = "<group>"; };
/* End PBXFileReference section */

/* Begin PBXFrameworksBuildPhase section */
		8AE6F24926927F1F00922611 /* Frameworks */ = {
			isa = PBXFrameworksBuildPhase;
			buildActionMask = 2147483647;
			files = (
			);
			runOnlyForDeploymentPostprocessing = 0;
		};
		8AE6F25A26927F2000922611 /* Frameworks */ = {
			isa = PBXFrameworksBuildPhase;
			buildActionMask = 2147483647;
			files = (
			);
			runOnlyForDeploymentPostprocessing = 0;
		};
		8AE6F26526927F2000922611 /* Frameworks */ = {
			isa = PBXFrameworksBuildPhase;
			buildActionMask = 2147483647;
			files = (
			);
			runOnlyForDeploymentPostprocessing = 0;
		};
/* End PBXFrameworksBuildPhase section */

/* Begin PBXGroup section */
		8A1942D32693726B00ABCDF0 /* Landmark */ = {
			isa = PBXGroup;
			children = (
				8AE6F2802692862D00922611 /* MapView.swift */,
				8AE6F27E269283B600922611 /* CircleImage.swift */,
				8AE6F28F2692A09300922611 /* LandmarkRow.swift */,
				8A583C7A2692A4F700E89C28 /* LandmarkList.swift */,
				8A583C7C2692A64500E89C28 /* LandmarkDetail.swift */,
				8A583C7E269341DF00E89C28 /* FavoriteButton.swift */,
			);
			path = Landmark;
			sourceTree = "<group>";
		};
		8A1942DA2693742F00ABCDF0 /* Hikes */ = {
			isa = PBXGroup;
			children = (
				8A1942DB2693742F00ABCDF0 /* GraphCapsule.swift */,
				8A1942DC2693742F00ABCDF0 /* HikeGraph.swift */,
				8A1942DD2693742F00ABCDF0 /* HikeDetail.swift */,
				8A1942DE2693742F00ABCDF0 /* HikeView.swift */,
				8A1942F126938B2B00ABCDF0 /* HikeBadge.swift */,
			);
			path = Hikes;
			sourceTree = "<group>";
		};
		8A1942E326937AE200ABCDF0 /* Categories */ = {
			isa = PBXGroup;
			children = (
				8A1942E426937B0500ABCDF0 /* CategoryHome.swift */,
				8A1942E626937F3100ABCDF0 /* CategoryRow.swift */,
				8A1942E82693806C00ABCDF0 /* CategoryItem.swift */,
			);
			path = Categories;
			sourceTree = "<group>";
		};
		8A1942EC26938A1B00ABCDF0 /* Profiles */ = {
			isa = PBXGroup;
			children = (
				8A1942ED26938A2900ABCDF0 /* ProfileHost.swift */,
				8A1942EF26938ACD00ABCDF0 /* ProfileSummary.swift */,
			);
			path = Profiles;
			sourceTree = "<group>";
		};
		8A583C8A26934EE500E89C28 /* Badges */ = {
			isa = PBXGroup;
			children = (
				8A583C802693469000E89C28 /* HexagonParameters.swift */,
				8A583C822693474300E89C28 /* BadgeBackground.swift */,
				8A583C8426934CB900E89C28 /* BadgeSymbol.swift */,
				8A583C8626934D5200E89C28 /* RotatedBadgesSymbol.swift */,
				8A583C8826934E2600E89C28 /* Badge.swift */,
			);
			path = Badges;
			sourceTree = "<group>";
		};
		8AD888952692A2F5007AEC93 /* Resources */ = {
			isa = PBXGroup;
			children = (
				8A1942D42693730B00ABCDF0 /* hikeData.json */,
				8AD888962692A32D007AEC93 /* landmarkData.json */,
			);
			path = Resources;
			sourceTree = "<group>";
		};
		8AE6F24326927F1F00922611 = {
			isa = PBXGroup;
			children = (
				8AE6F24E26927F1F00922611 /* Landmarks */,
				8AE6F26026927F2000922611 /* LandmarksTests */,
				8AE6F26B26927F2000922611 /* LandmarksUITests */,
				8AE6F24D26927F1F00922611 /* Products */,
			);
			sourceTree = "<group>";
		};
		8AE6F24D26927F1F00922611 /* Products */ = {
			isa = PBXGroup;
			children = (
				8AE6F24C26927F1F00922611 /* Landmarks.app */,
				8AE6F25D26927F2000922611 /* LandmarksTests.xctest */,
				8AE6F26826927F2000922611 /* LandmarksUITests.xctest */,
			);
			name = Products;
			sourceTree = "<group>";
		};
		8AE6F24E26927F1F00922611 /* Landmarks */ = {
			isa = PBXGroup;
			children = (
				8AD888952692A2F5007AEC93 /* Resources */,
				8AE6F24F26927F1F00922611 /* LandmarksApp.swift */,
				8AE6F28926928EE700922611 /* Model */,
				8AE6F28826928ECD00922611 /* Views */,
				8AE6F25326927F1F00922611 /* Assets.xcassets */,
				8AE6F25826927F1F00922611 /* Info.plist */,
				8AE6F25526927F1F00922611 /* Preview Content */,
			);
			path = Landmarks;
			sourceTree = "<group>";
		};
		8AE6F25526927F1F00922611 /* Preview Content */ = {
			isa = PBXGroup;
			children = (
				8AE6F25626927F1F00922611 /* Preview Assets.xcassets */,
			);
			path = "Preview Content";
			sourceTree = "<group>";
		};
		8AE6F26026927F2000922611 /* LandmarksTests */ = {
			isa = PBXGroup;
			children = (
				8AE6F26126927F2000922611 /* LandmarksTests.swift */,
				8AE6F26326927F2000922611 /* Info.plist */,
			);
			path = LandmarksTests;
			sourceTree = "<group>";
		};
		8AE6F26B26927F2000922611 /* LandmarksUITests */ = {
			isa = PBXGroup;
			children = (
				8AE6F26C26927F2000922611 /* LandmarksUITests.swift */,
				8AE6F26E26927F2000922611 /* Info.plist */,
			);
			path = LandmarksUITests;
			sourceTree = "<group>";
		};
		8AE6F28826928ECD00922611 /* Views */ = {
			isa = PBXGroup;
			children = (
				8A1942EC26938A1B00ABCDF0 /* Profiles */,
				8A1942E326937AE200ABCDF0 /* Categories */,
				8A1942DA2693742F00ABCDF0 /* Hikes */,
				8A1942D32693726B00ABCDF0 /* Landmark */,
				8A583C8A26934EE500E89C28 /* Badges */,
				8AE6F25126927F1F00922611 /* ContentView.swift */,
			);
			path = Views;
			sourceTree = "<group>";
		};
		8AE6F28926928EE700922611 /* Model */ = {
			isa = PBXGroup;
			children = (
				8AE6F28426928B0D00922611 /* Landmark.swift */,
				8AE6F28626928C7B00922611 /* ModelData.swift */,
				8A1942D82693735100ABCDF0 /* Hike.swift */,
				8A1942EA269389BA00ABCDF0 /* Profile.swift */,
			);
			path = Model;
			sourceTree = "<group>";
		};
/* End PBXGroup section */

/* Begin PBXNativeTarget section */
		8AE6F24B26927F1F00922611 /* Landmarks */ = {
			isa = PBXNativeTarget;
			buildConfigurationList = 8AE6F27126927F2000922611 /* Build configuration list for PBXNativeTarget "Landmarks" */;
			buildPhases = (
				8AE6F24826927F1F00922611 /* Sources */,
				8AE6F24926927F1F00922611 /* Frameworks */,
				8AE6F24A26927F1F00922611 /* Resources */,
			);
			buildRules = (
			);
			dependencies = (
			);
			name = Landmarks;
			productName = Landmarks;
			productReference = 8AE6F24C26927F1F00922611 /* Landmarks.app */;
			productType = "com.apple.product-type.application";
		};
		8AE6F25C26927F2000922611 /* LandmarksTests */ = {
			isa = PBXNativeTarget;
			buildConfigurationList = 8AE6F27426927F2000922611 /* Build configuration list for PBXNativeTarget "LandmarksTests" */;
			buildPhases = (
				8AE6F25926927F2000922611 /* Sources */,
				8AE6F25A26927F2000922611 /* Frameworks */,
				8AE6F25B26927F2000922611 /* Resources */,
			);
			buildRules = (
			);
			dependencies = (
				8AE6F25F26927F2000922611 /* PBXTargetDependency */,
			);
			name = LandmarksTests;
			productName = LandmarksTests;
			productReference = 8AE6F25D26927F2000922611 /* LandmarksTests.xctest */;
			productType = "com.apple.product-type.bundle.unit-test";
		};
		8AE6F26726927F2000922611 /* LandmarksUITests */ = {
			isa = PBXNativeTarget;
			buildConfigurationList = 8AE6F27726927F2000922611 /* Build configuration list for PBXNativeTarget "LandmarksUITests" */;
			buildPhases = (
				8AE6F26426927F2000922611 /* Sources */,
				8AE6F26526927F2000922611 /* Frameworks */,
				8AE6F26626927F2000922611 /* Resources */,
			);
			buildRules = (
			);
			dependencies = (
				8AE6F26A26927F2000922611 /* PBXTargetDependency */,
			);
			name = LandmarksUITests;
			productName = LandmarksUITests;
			productReference = 8AE6F26826927F2000922611 /* LandmarksUITests.xctest */;
			productType = "com.apple.product-type.bundle.ui-testing";
		};
/* End PBXNativeTarget section */

/* Begin PBXProject section */
		8AE6F24426927F1F00922611 /* Project object */ = {
			isa = PBXProject;
			attributes = {
				LastSwiftUpdateCheck = 1250;
				LastUpgradeCheck = 1250;
				TargetAttributes = {
					8AE6F24B26927F1F00922611 = {
						CreatedOnToolsVersion = 12.5.1;
					};
					8AE6F25C26927F2000922611 = {
						CreatedOnToolsVersion = 12.5.1;
						TestTargetID = 8AE6F24B26927F1F00922611;
					};
					8AE6F26726927F2000922611 = {
						CreatedOnToolsVersion = 12.5.1;
						TestTargetID = 8AE6F24B26927F1F00922611;
					};
				};
			};
			buildConfigurationList = 8AE6F24726927F1F00922611 /* Build configuration list for PBXProject "Landmarks" */;
			compatibilityVersion = "Xcode 9.3";
			developmentRegion = en;
			hasScannedForEncodings = 0;
			knownRegions = (
				en,
				Base,
			);
			mainGroup = 8AE6F24326927F1F00922611;
			productRefGroup = 8AE6F24D26927F1F00922611 /* Products */;
			projectDirPath = "";
			projectRoot = "";
			targets = (
				8AE6F24B26927F1F00922611 /* Landmarks */,
				8AE6F25C26927F2000922611 /* LandmarksTests */,
				8AE6F26726927F2000922611 /* LandmarksUITests */,
			);
		};
/* End PBXProject section */

/* Begin PBXResourcesBuildPhase section */
		8AE6F24A26927F1F00922611 /* Resources */ = {
			isa = PBXResourcesBuildPhase;
			buildActionMask = 2147483647;
			files = (
				8A1942D52693730B00ABCDF0 /* hikeData.json in Resources */,
				8AE6F25726927F1F00922611 /* Preview Assets.xcassets in Resources */,
				8AE6F25426927F1F00922611 /* Assets.xcassets in Resources */,
				8AD888972692A32D007AEC93 /* landmarkData.json in Resources */,
			);
			runOnlyForDeploymentPostprocessing = 0;
		};
		8AE6F25B26927F2000922611 /* Resources */ = {
			isa = PBXResourcesBuildPhase;
			buildActionMask = 2147483647;
			files = (
			);
			runOnlyForDeploymentPostprocessing = 0;
		};
		8AE6F26626927F2000922611 /* Resources */ = {
			isa = PBXResourcesBuildPhase;
			buildActionMask = 2147483647;
			files = (
			);
			runOnlyForDeploymentPostprocessing = 0;
		};
/* End PBXResourcesBuildPhase section */

/* Begin PBXSourcesBuildPhase section */
		8AE6F24826927F1F00922611 /* Sources */ = {
			isa = PBXSourcesBuildPhase;
			buildActionMask = 2147483647;
			files = (
				8A1942E726937F3100ABCDF0 /* CategoryRow.swift in Sources */,
				8A1942EB269389BA00ABCDF0 /* Profile.swift in Sources */,
				8AE6F25226927F1F00922611 /* ContentView.swift in Sources */,
				8A1942E526937B0500ABCDF0 /* CategoryHome.swift in Sources */,
				8A1942E02693742F00ABCDF0 /* HikeGraph.swift in Sources */,
				8A583C8926934E2600E89C28 /* Badge.swift in Sources */,
				8AE6F2812692862D00922611 /* MapView.swift in Sources */,
				8A1942DF2693742F00ABCDF0 /* GraphCapsule.swift in Sources */,
				8AE6F25026927F1F00922611 /* LandmarksApp.swift in Sources */,
				8A583C8726934D5200E89C28 /* RotatedBadgesSymbol.swift in Sources */,
				8A1942E92693806C00ABCDF0 /* CategoryItem.swift in Sources */,
				8A1942E12693742F00ABCDF0 /* HikeDetail.swift in Sources */,
				8A1942F026938ACD00ABCDF0 /* ProfileSummary.swift in Sources */,
				8A583C7F269341DF00E89C28 /* FavoriteButton.swift in Sources */,
				8A1942EE26938A2900ABCDF0 /* ProfileHost.swift in Sources */,
				8A1942D92693735100ABCDF0 /* Hike.swift in Sources */,
				8A583C812693469000E89C28 /* HexagonParameters.swift in Sources */,
				8A583C8526934CB900E89C28 /* BadgeSymbol.swift in Sources */,
				8A583C7B2692A4F700E89C28 /* LandmarkList.swift in Sources */,
				8A1942E22693742F00ABCDF0 /* HikeView.swift in Sources */,
				8A583C7D2692A64500E89C28 /* LandmarkDetail.swift in Sources */,
				8A583C832693474300E89C28 /* BadgeBackground.swift in Sources */,
				8A1942F226938B2B00ABCDF0 /* HikeBadge.swift in Sources */,
				8AE6F27F269283B600922611 /* CircleImage.swift in Sources */,
				8AE6F28526928B0D00922611 /* Landmark.swift in Sources */,
				8AE6F2902692A09300922611 /* LandmarkRow.swift in Sources */,
				8AE6F28726928C7B00922611 /* ModelData.swift in Sources */,
			);
			runOnlyForDeploymentPostprocessing = 0;
		};
		8AE6F25926927F2000922611 /* Sources */ = {
			isa = PBXSourcesBuildPhase;
			buildActionMask = 2147483647;
			files = (
				8AE6F26226927F2000922611 /* LandmarksTests.swift in Sources */,
			);
			runOnlyForDeploymentPostprocessing = 0;
		};
		8AE6F26426927F2000922611 /* Sources */ = {
			isa = PBXSourcesBuildPhase;
			buildActionMask = 2147483647;
			files = (
				8AE6F26D26927F2000922611 /* LandmarksUITests.swift in Sources */,
			);
			runOnlyForDeploymentPostprocessing = 0;
		};
/* End PBXSourcesBuildPhase section */

/* Begin PBXTargetDependency section */
		8AE6F25F26927F2000922611 /* PBXTargetDependency */ = {
			isa = PBXTargetDependency;
			target = 8AE6F24B26927F1F00922611 /* Landmarks */;
			targetProxy = 8AE6F25E26927F2000922611 /* PBXContainerItemProxy */;
		};
		8AE6F26A26927F2000922611 /* PBXTargetDependency */ = {
			isa = PBXTargetDependency;
			target = 8AE6F24B26927F1F00922611 /* Landmarks */;
			targetProxy = 8AE6F26926927F2000922611 /* PBXContainerItemProxy */;
		};
/* End PBXTargetDependency section */

/* Begin XCBuildConfiguration section */
		8AE6F26F26927F2000922611 /* Debug */ = {
			isa = XCBuildConfiguration;
			buildSettings = {
				ALWAYS_SEARCH_USER_PATHS = NO;
				CLANG_ANALYZER_NONNULL = YES;
				CLANG_ANALYZER_NUMBER_OBJECT_CONVERSION = YES_AGGRESSIVE;
				CLANG_CXX_LANGUAGE_STANDARD = "gnu++14";
				CLANG_CXX_LIBRARY = "libc++";
				CLANG_ENABLE_MODULES = YES;
				CLANG_ENABLE_OBJC_ARC = YES;
				CLANG_ENABLE_OBJC_WEAK = YES;
				CLANG_WARN_BLOCK_CAPTURE_AUTORELEASING = YES;
				CLANG_WARN_BOOL_CONVERSION = YES;
				CLANG_WARN_COMMA = YES;
				CLANG_WARN_CONSTANT_CONVERSION = YES;
				CLANG_WARN_DEPRECATED_OBJC_IMPLEMENTATIONS = YES;
				CLANG_WARN_DIRECT_OBJC_ISA_USAGE = YES_ERROR;
				CLANG_WARN_DOCUMENTATION_COMMENTS = YES;
				CLANG_WARN_EMPTY_BODY = YES;
				CLANG_WARN_ENUM_CONVERSION = YES;
				CLANG_WARN_INFINITE_RECURSION = YES;
				CLANG_WARN_INT_CONVERSION = YES;
				CLANG_WARN_NON_LITERAL_NULL_CONVERSION = YES;
				CLANG_WARN_OBJC_IMPLICIT_RETAIN_SELF = YES;
				CLANG_WARN_OBJC_LITERAL_CONVERSION = YES;
				CLANG_WARN_OBJC_ROOT_CLASS = YES_ERROR;
				CLANG_WARN_QUOTED_INCLUDE_IN_FRAMEWORK_HEADER = YES;
				CLANG_WARN_RANGE_LOOP_ANALYSIS = YES;
				CLANG_WARN_STRICT_PROTOTYPES = YES;
				CLANG_WARN_SUSPICIOUS_MOVE = YES;
				CLANG_WARN_UNGUARDED_AVAILABILITY = YES_AGGRESSIVE;
				CLANG_WARN_UNREACHABLE_CODE = YES;
				CLANG_WARN__DUPLICATE_METHOD_MATCH = YES;
				COPY_PHASE_STRIP = NO;
				DEBUG_INFORMATION_FORMAT = dwarf;
				ENABLE_STRICT_OBJC_MSGSEND = YES;
				ENABLE_TESTABILITY = YES;
				GCC_C_LANGUAGE_STANDARD = gnu11;
				GCC_DYNAMIC_NO_PIC = NO;
				GCC_NO_COMMON_BLOCKS = YES;
				GCC_OPTIMIZATION_LEVEL = 0;
				GCC_PREPROCESSOR_DEFINITIONS = (
					"DEBUG=1",
					"$(inherited)",
				);
				GCC_WARN_64_TO_32_BIT_CONVERSION = YES;
				GCC_WARN_ABOUT_RETURN_TYPE = YES_ERROR;
				GCC_WARN_UNDECLARED_SELECTOR = YES;
				GCC_WARN_UNINITIALIZED_AUTOS = YES_AGGRESSIVE;
				GCC_WARN_UNUSED_FUNCTION = YES;
				GCC_WARN_UNUSED_VARIABLE = YES;
				IPHONEOS_DEPLOYMENT_TARGET = 14.5;
				MTL_ENABLE_DEBUG_INFO = INCLUDE_SOURCE;
				MTL_FAST_MATH = YES;
				ONLY_ACTIVE_ARCH = YES;
				SDKROOT = iphoneos;
				SWIFT_ACTIVE_COMPILATION_CONDITIONS = DEBUG;
				SWIFT_OPTIMIZATION_LEVEL = "-Onone";
			};
			name = Debug;
		};
		8AE6F27026927F2000922611 /* Release */ = {
			isa = XCBuildConfiguration;
			buildSettings = {
				ALWAYS_SEARCH_USER_PATHS = NO;
				CLANG_ANALYZER_NONNULL = YES;
				CLANG_ANALYZER_NUMBER_OBJECT_CONVERSION = YES_AGGRESSIVE;
				CLANG_CXX_LANGUAGE_STANDARD = "gnu++14";
				CLANG_CXX_LIBRARY = "libc++";
				CLANG_ENABLE_MODULES = YES;
				CLANG_ENABLE_OBJC_ARC = YES;
				CLANG_ENABLE_OBJC_WEAK = YES;
				CLANG_WARN_BLOCK_CAPTURE_AUTORELEASING = YES;
				CLANG_WARN_BOOL_CONVERSION = YES;
				CLANG_WARN_COMMA = YES;
				CLANG_WARN_CONSTANT_CONVERSION = YES;
				CLANG_WARN_DEPRECATED_OBJC_IMPLEMENTATIONS = YES;
				CLANG_WARN_DIRECT_OBJC_ISA_USAGE = YES_ERROR;
				CLANG_WARN_DOCUMENTATION_COMMENTS = YES;
				CLANG_WARN_EMPTY_BODY = YES;
				CLANG_WARN_ENUM_CONVERSION = YES;
				CLANG_WARN_INFINITE_RECURSION = YES;
				CLANG_WARN_INT_CONVERSION = YES;
				CLANG_WARN_NON_LITERAL_NULL_CONVERSION = YES;
				CLANG_WARN_OBJC_IMPLICIT_RETAIN_SELF = YES;
				CLANG_WARN_OBJC_LITERAL_CONVERSION = YES;
				CLANG_WARN_OBJC_ROOT_CLASS = YES_ERROR;
				CLANG_WARN_QUOTED_INCLUDE_IN_FRAMEWORK_HEADER = YES;
				CLANG_WARN_RANGE_LOOP_ANALYSIS = YES;
				CLANG_WARN_STRICT_PROTOTYPES = YES;
				CLANG_WARN_SUSPICIOUS_MOVE = YES;
				CLANG_WARN_UNGUARDED_AVAILABILITY = YES_AGGRESSIVE;
				CLANG_WARN_UNREACHABLE_CODE = YES;
				CLANG_WARN__DUPLICATE_METHOD_MATCH = YES;
				COPY_PHASE_STRIP = NO;
				DEBUG_INFORMATION_FORMAT = "dwarf-with-dsym";
				ENABLE_NS_ASSERTIONS = NO;
				ENABLE_STRICT_OBJC_MSGSEND = YES;
				GCC_C_LANGUAGE_STANDARD = gnu11;
				GCC_NO_COMMON_BLOCKS = YES;
				GCC_WARN_64_TO_32_BIT_CONVERSION = YES;
				GCC_WARN_ABOUT_RETURN_TYPE = YES_ERROR;
				GCC_WARN_UNDECLARED_SELECTOR = YES;
				GCC_WARN_UNINITIALIZED_AUTOS = YES_AGGRESSIVE;
				GCC_WARN_UNUSED_FUNCTION = YES;
				GCC_WARN_UNUSED_VARIABLE = YES;
				IPHONEOS_DEPLOYMENT_TARGET = 14.5;
				MTL_ENABLE_DEBUG_INFO = NO;
				MTL_FAST_MATH = YES;
				SDKROOT = iphoneos;
				SWIFT_COMPILATION_MODE = wholemodule;
				SWIFT_OPTIMIZATION_LEVEL = "-O";
				VALIDATE_PRODUCT = YES;
			};
			name = Release;
		};
		8AE6F27226927F2000922611 /* Debug */ = {
			isa = XCBuildConfiguration;
			buildSettings = {
				ASSETCATALOG_COMPILER_APPICON_NAME = AppIcon;
				ASSETCATALOG_COMPILER_GLOBAL_ACCENT_COLOR_NAME = AccentColor;
				CODE_SIGN_STYLE = Automatic;
				DEVELOPMENT_ASSET_PATHS = "\"Landmarks/Preview Content\"";
				DEVELOPMENT_TEAM = TB88F59FT9;
				ENABLE_PREVIEWS = YES;
				INFOPLIST_FILE = Landmarks/Info.plist;
				IPHONEOS_DEPLOYMENT_TARGET = 14.0;
				LD_RUNPATH_SEARCH_PATHS = (
					"$(inherited)",
					"@executable_path/Frameworks",
				);
				PRODUCT_BUNDLE_IDENTIFIER = com.wolfgioCorp.Landmarks;
				PRODUCT_NAME = "$(TARGET_NAME)";
				SWIFT_VERSION = 5.0;
				TARGETED_DEVICE_FAMILY = "1,2";
			};
			name = Debug;
		};
		8AE6F27326927F2000922611 /* Release */ = {
			isa = XCBuildConfiguration;
			buildSettings = {
				ASSETCATALOG_COMPILER_APPICON_NAME = AppIcon;
				ASSETCATALOG_COMPILER_GLOBAL_ACCENT_COLOR_NAME = AccentColor;
				CODE_SIGN_STYLE = Automatic;
				DEVELOPMENT_ASSET_PATHS = "\"Landmarks/Preview Content\"";
				DEVELOPMENT_TEAM = TB88F59FT9;
				ENABLE_PREVIEWS = YES;
				INFOPLIST_FILE = Landmarks/Info.plist;
				IPHONEOS_DEPLOYMENT_TARGET = 14.0;
				LD_RUNPATH_SEARCH_PATHS = (
					"$(inherited)",
					"@executable_path/Frameworks",
				);
				PRODUCT_BUNDLE_IDENTIFIER = com.wolfgioCorp.Landmarks;
				PRODUCT_NAME = "$(TARGET_NAME)";
				SWIFT_VERSION = 5.0;
				TARGETED_DEVICE_FAMILY = "1,2";
			};
			name = Release;
		};
		8AE6F27526927F2000922611 /* Debug */ = {
			isa = XCBuildConfiguration;
			buildSettings = {
				ALWAYS_EMBED_SWIFT_STANDARD_LIBRARIES = YES;
				BUNDLE_LOADER = "$(TEST_HOST)";
				CODE_SIGN_STYLE = Automatic;
				DEVELOPMENT_TEAM = TB88F59FT9;
				INFOPLIST_FILE = LandmarksTests/Info.plist;
				IPHONEOS_DEPLOYMENT_TARGET = 14.0;
				LD_RUNPATH_SEARCH_PATHS = (
					"$(inherited)",
					"@executable_path/Frameworks",
					"@loader_path/Frameworks",
				);
				PRODUCT_BUNDLE_IDENTIFIER = com.wolfgioCorp.LandmarksTests;
				PRODUCT_NAME = "$(TARGET_NAME)";
				SWIFT_VERSION = 5.0;
				TARGETED_DEVICE_FAMILY = "1,2";
				TEST_HOST = "$(BUILT_PRODUCTS_DIR)/Landmarks.app/Landmarks";
			};
			name = Debug;
		};
		8AE6F27626927F2000922611 /* Release */ = {
			isa = XCBuildConfiguration;
			buildSettings = {
				ALWAYS_EMBED_SWIFT_STANDARD_LIBRARIES = YES;
				BUNDLE_LOADER = "$(TEST_HOST)";
				CODE_SIGN_STYLE = Automatic;
				DEVELOPMENT_TEAM = TB88F59FT9;
				INFOPLIST_FILE = LandmarksTests/Info.plist;
				IPHONEOS_DEPLOYMENT_TARGET = 14.0;
				LD_RUNPATH_SEARCH_PATHS = (
					"$(inherited)",
					"@executable_path/Frameworks",
					"@loader_path/Frameworks",
				);
				PRODUCT_BUNDLE_IDENTIFIER = com.wolfgioCorp.LandmarksTests;
				PRODUCT_NAME = "$(TARGET_NAME)";
				SWIFT_VERSION = 5.0;
				TARGETED_DEVICE_FAMILY = "1,2";
				TEST_HOST = "$(BUILT_PRODUCTS_DIR)/Landmarks.app/Landmarks";
			};
			name = Release;
		};
		8AE6F27826927F2000922611 /* Debug */ = {
			isa = XCBuildConfiguration;
			buildSettings = {
				ALWAYS_EMBED_SWIFT_STANDARD_LIBRARIES = YES;
				CODE_SIGN_STYLE = Automatic;
				DEVELOPMENT_TEAM = TB88F59FT9;
				INFOPLIST_FILE = LandmarksUITests/Info.plist;
				LD_RUNPATH_SEARCH_PATHS = (
					"$(inherited)",
					"@executable_path/Frameworks",
					"@loader_path/Frameworks",
				);
				PRODUCT_BUNDLE_IDENTIFIER = com.wolfgioCorp.LandmarksUITests;
				PRODUCT_NAME = "$(TARGET_NAME)";
				SWIFT_VERSION = 5.0;
				TARGETED_DEVICE_FAMILY = "1,2";
				TEST_TARGET_NAME = Landmarks;
			};
			name = Debug;
		};
		8AE6F27926927F2000922611 /* Release */ = {
			isa = XCBuildConfiguration;
			buildSettings = {
				ALWAYS_EMBED_SWIFT_STANDARD_LIBRARIES = YES;
				CODE_SIGN_STYLE = Automatic;
				DEVELOPMENT_TEAM = TB88F59FT9;
				INFOPLIST_FILE = LandmarksUITests/Info.plist;
				LD_RUNPATH_SEARCH_PATHS = (
					"$(inherited)",
					"@executable_path/Frameworks",
					"@loader_path/Frameworks",
				);
				PRODUCT_BUNDLE_IDENTIFIER = com.wolfgioCorp.LandmarksUITests;
				PRODUCT_NAME = "$(TARGET_NAME)";
				SWIFT_VERSION = 5.0;
				TARGETED_DEVICE_FAMILY = "1,2";
				TEST_TARGET_NAME = Landmarks;
			};
			name = Release;
		};
/* End XCBuildConfiguration section */

/* Begin XCConfigurationList section */
		8AE6F24726927F1F00922611 /* Build configuration list for PBXProject "Landmarks" */ = {
			isa = XCConfigurationList;
			buildConfigurations = (
				8AE6F26F26927F2000922611 /* Debug */,
				8AE6F27026927F2000922611 /* Release */,
			);
			defaultConfigurationIsVisible = 0;
			defaultConfigurationName = Release;
		};
		8AE6F27126927F2000922611 /* Build configuration list for PBXNativeTarget "Landmarks" */ = {
			isa = XCConfigurationList;
			buildConfigurations = (
				8AE6F27226927F2000922611 /* Debug */,
				8AE6F27326927F2000922611 /* Release */,
			);
			defaultConfigurationIsVisible = 0;
			defaultConfigurationName = Release;
		};
		8AE6F27426927F2000922611 /* Build configuration list for PBXNativeTarget "LandmarksTests" */ = {
			isa = XCConfigurationList;
			buildConfigurations = (
				8AE6F27526927F2000922611 /* Debug */,
				8AE6F27626927F2000922611 /* Release */,
			);
			defaultConfigurationIsVisible = 0;
			defaultConfigurationName = Release;
		};
		8AE6F27726927F2000922611 /* Build configuration list for PBXNativeTarget "LandmarksUITests" */ = {
			isa = XCConfigurationList;
			buildConfigurations = (
				8AE6F27826927F2000922611 /* Debug */,
				8AE6F27926927F2000922611 /* Release */,
			);
			defaultConfigurationIsVisible = 0;
			defaultConfigurationName = Release;
		};
/* End XCConfigurationList section */
	};
	rootObject = 8AE6F24426927F1F00922611 /* Project object */;
}
